// !$*UTF8*$!
{
	archiveVersion = 1;
	classes = {
	};
	objectVersion = 46;
	objects = {

/* Begin PBXBuildFile section */
		EED7D7281D20B60E00EC107A /* main.m in Sources */ = {isa = PBXBuildFile; fileRef = EED7D7271D20B60E00EC107A /* main.m */; };
		EED7D72B1D20B60E00EC107A /* AppDelegate.m in Sources */ = {isa = PBXBuildFile; fileRef = EED7D72A1D20B60E00EC107A /* AppDelegate.m */; };
		EED7D72E1D20B60E00EC107A /* ViewController.m in Sources */ = {isa = PBXBuildFile; fileRef = EED7D72D1D20B60E00EC107A /* ViewController.m */; };
		EED7D7311D20B60E00EC107A /* Main.storyboard in Resources */ = {isa = PBXBuildFile; fileRef = EED7D72F1D20B60E00EC107A /* Main.storyboard */; };
		EED7D7341D20B60E00EC107A /* OC_share______.xcdatamodeld in Sources */ = {isa = PBXBuildFile; fileRef = EED7D7321D20B60E00EC107A /* OC_share______.xcdatamodeld */; };
		EED7D7361D20B60E00EC107A /* Assets.xcassets in Resources */ = {isa = PBXBuildFile; fileRef = EED7D7351D20B60E00EC107A /* Assets.xcassets */; };
		EED7D7391D20B60E00EC107A /* LaunchScreen.storyboard in Resources */ = {isa = PBXBuildFile; fileRef = EED7D7371D20B60E00EC107A /* LaunchScreen.storyboard */; };
		EED7D7441D20B60E00EC107A /* OC_share______Tests.m in Sources */ = {isa = PBXBuildFile; fileRef = EED7D7431D20B60E00EC107A /* OC_share______Tests.m */; };
		EED7D74F1D20B60E00EC107A /* OC_share______UITests.m in Sources */ = {isa = PBXBuildFile; fileRef = EED7D74E1D20B60E00EC107A /* OC_share______UITests.m */; };
/* End PBXBuildFile section */

/* Begin PBXContainerItemProxy section */
		EED7D7401D20B60E00EC107A /* PBXContainerItemProxy */ = {
			isa = PBXContainerItemProxy;
			containerPortal = EED7D71B1D20B60E00EC107A /* Project object */;
			proxyType = 1;
			remoteGlobalIDString = EED7D7221D20B60E00EC107A;
			remoteInfo = "OC_share(系统自带)";
		};
		EED7D74B1D20B60E00EC107A /* PBXContainerItemProxy */ = {
			isa = PBXContainerItemProxy;
			containerPortal = EED7D71B1D20B60E00EC107A /* Project object */;
			proxyType = 1;
			remoteGlobalIDString = EED7D7221D20B60E00EC107A;
			remoteInfo = "OC_share(系统自带)";
		};
/* End PBXContainerItemProxy section */

/* Begin PBXFileReference section */
		EED7D7231D20B60E00EC107A /* OC_share(系统自带).app */ = {isa = PBXFileReference; explicitFileType = wrapper.application; includeInIndex = 0; path = "OC_share(系统自带).app"; sourceTree = BUILT_PRODUCTS_DIR; };
		EED7D7271D20B60E00EC107A /* main.m */ = {isa = PBXFileReference; lastKnownFileType = sourcecode.c.objc; path = main.m; sourceTree = "<group>"; };
		EED7D7291D20B60E00EC107A /* AppDelegate.h */ = {isa = PBXFileReference; lastKnownFileType = sourcecode.c.h; path = AppDelegate.h; sourceTree = "<group>"; };
		EED7D72A1D20B60E00EC107A /* AppDelegate.m */ = {isa = PBXFileReference; lastKnownFileType = sourcecode.c.objc; path = AppDelegate.m; sourceTree = "<group>"; };
		EED7D72C1D20B60E00EC107A /* ViewController.h */ = {isa = PBXFileReference; lastKnownFileType = sourcecode.c.h; path = ViewController.h; sourceTree = "<group>"; };
		EED7D72D1D20B60E00EC107A /* ViewController.m */ = {isa = PBXFileReference; lastKnownFileType = sourcecode.c.objc; path = ViewController.m; sourceTree = "<group>"; };
		EED7D7301D20B60E00EC107A /* Base */ = {isa = PBXFileReference; lastKnownFileType = file.storyboard; name = Base; path = Base.lproj/Main.storyboard; sourceTree = "<group>"; };
		EED7D7331D20B60E00EC107A /* OC_share______.xcdatamodel */ = {isa = PBXFileReference; lastKnownFileType = wrapper.xcdatamodel; path = "OC_share______.xcdatamodel"; sourceTree = "<group>"; };
		EED7D7351D20B60E00EC107A /* Assets.xcassets */ = {isa = PBXFileReference; lastKnownFileType = folder.assetcatalog; path = Assets.xcassets; sourceTree = "<group>"; };
		EED7D7381D20B60E00EC107A /* Base */ = {isa = PBXFileReference; lastKnownFileType = file.storyboard; name = Base; path = Base.lproj/LaunchScreen.storyboard; sourceTree = "<group>"; };
		EED7D73A1D20B60E00EC107A /* Info.plist */ = {isa = PBXFileReference; lastKnownFileType = text.plist.xml; path = Info.plist; sourceTree = "<group>"; };
		EED7D73F1D20B60E00EC107A /* OC_share(系统自带)Tests.xctest */ = {isa = PBXFileReference; explicitFileType = wrapper.cfbundle; includeInIndex = 0; path = "OC_share(系统自带)Tests.xctest"; sourceTree = BUILT_PRODUCTS_DIR; };
		EED7D7431D20B60E00EC107A /* OC_share______Tests.m */ = {isa = PBXFileReference; lastKnownFileType = sourcecode.c.objc; path = "OC_share______Tests.m"; sourceTree = "<group>"; };
		EED7D7451D20B60E00EC107A /* Info.plist */ = {isa = PBXFileReference; lastKnownFileType = text.plist.xml; path = Info.plist; sourceTree = "<group>"; };
		EED7D74A1D20B60E00EC107A /* OC_share(系统自带)UITests.xctest */ = {isa = PBXFileReference; explicitFileType = wrapper.cfbundle; includeInIndex = 0; path = "OC_share(系统自带)UITests.xctest"; sourceTree = BUILT_PRODUCTS_DIR; };
		EED7D74E1D20B60E00EC107A /* OC_share______UITests.m */ = {isa = PBXFileReference; lastKnownFileType = sourcecode.c.objc; path = "OC_share______UITests.m"; sourceTree = "<group>"; };
		EED7D7501D20B60E00EC107A /* Info.plist */ = {isa = PBXFileReference; lastKnownFileType = text.plist.xml; path = Info.plist; sourceTree = "<group>"; };
/* End PBXFileReference section */

/* Begin PBXFrameworksBuildPhase section */
		EED7D7201D20B60E00EC107A /* Frameworks */ = {
			isa = PBXFrameworksBuildPhase;
			buildActionMask = 2147483647;
			files = (
			);
			runOnlyForDeploymentPostprocessing = 0;
		};
		EED7D73C1D20B60E00EC107A /* Frameworks */ = {
			isa = PBXFrameworksBuildPhase;
			buildActionMask = 2147483647;
			files = (
			);
			runOnlyForDeploymentPostprocessing = 0;
		};
		EED7D7471D20B60E00EC107A /* Frameworks */ = {
			isa = PBXFrameworksBuildPhase;
			buildActionMask = 2147483647;
			files = (
			);
			runOnlyForDeploymentPostprocessing = 0;
		};
/* End PBXFrameworksBuildPhase section */

/* Begin PBXGroup section */
		EED7D71A1D20B60E00EC107A = {
			isa = PBXGroup;
			children = (
				EED7D7251D20B60E00EC107A /* OC_share(系统自带) */,
				EED7D7421D20B60E00EC107A /* OC_share(系统自带)Tests */,
				EED7D74D1D20B60E00EC107A /* OC_share(系统自带)UITests */,
				EED7D7241D20B60E00EC107A /* Products */,
			);
			sourceTree = "<group>";
		};
		EED7D7241D20B60E00EC107A /* Products */ = {
			isa = PBXGroup;
			children = (
				EED7D7231D20B60E00EC107A /* OC_share(系统自带).app */,
				EED7D73F1D20B60E00EC107A /* OC_share(系统自带)Tests.xctest */,
				EED7D74A1D20B60E00EC107A /* OC_share(系统自带)UITests.xctest */,
			);
			name = Products;
			sourceTree = "<group>";
		};
		EED7D7251D20B60E00EC107A /* OC_share(系统自带) */ = {
			isa = PBXGroup;
			children = (
				EED7D7291D20B60E00EC107A /* AppDelegate.h */,
				EED7D72A1D20B60E00EC107A /* AppDelegate.m */,
				EED7D72C1D20B60E00EC107A /* ViewController.h */,
				EED7D72D1D20B60E00EC107A /* ViewController.m */,
				EED7D72F1D20B60E00EC107A /* Main.storyboard */,
				EED7D7351D20B60E00EC107A /* Assets.xcassets */,
				EED7D7371D20B60E00EC107A /* LaunchScreen.storyboard */,
				EED7D73A1D20B60E00EC107A /* Info.plist */,
				EED7D7321D20B60E00EC107A /* OC_share______.xcdatamodeld */,
				EED7D7261D20B60E00EC107A /* Supporting Files */,
			);
			path = "OC_share(系统自带)";
			sourceTree = "<group>";
		};
		EED7D7261D20B60E00EC107A /* Supporting Files */ = {
			isa = PBXGroup;
			children = (
				EED7D7271D20B60E00EC107A /* main.m */,
			);
			name = "Supporting Files";
			sourceTree = "<group>";
		};
		EED7D7421D20B60E00EC107A /* OC_share(系统自带)Tests */ = {
			isa = PBXGroup;
			children = (
				EED7D7431D20B60E00EC107A /* OC_share______Tests.m */,
				EED7D7451D20B60E00EC107A /* Info.plist */,
			);
			path = "OC_share(系统自带)Tests";
			sourceTree = "<group>";
		};
		EED7D74D1D20B60E00EC107A /* OC_share(系统自带)UITests */ = {
			isa = PBXGroup;
			children = (
				EED7D74E1D20B60E00EC107A /* OC_share______UITests.m */,
				EED7D7501D20B60E00EC107A /* Info.plist */,
			);
			path = "OC_share(系统自带)UITests";
			sourceTree = "<group>";
		};
/* End PBXGroup section */

/* Begin PBXNativeTarget section */
		EED7D7221D20B60E00EC107A /* OC_share(系统自带) */ = {
			isa = PBXNativeTarget;
			buildConfigurationList = EED7D7531D20B60E00EC107A /* Build configuration list for PBXNativeTarget "OC_share(系统自带)" */;
			buildPhases = (
				EED7D71F1D20B60E00EC107A /* Sources */,
				EED7D7201D20B60E00EC107A /* Frameworks */,
				EED7D7211D20B60E00EC107A /* Resources */,
			);
			buildRules = (
			);
			dependencies = (
			);
			name = "OC_share(系统自带)";
			productName = "OC_share(系统自带)";
			productReference = EED7D7231D20B60E00EC107A /* OC_share(系统自带).app */;
			productType = "com.apple.product-type.application";
		};
		EED7D73E1D20B60E00EC107A /* OC_share(系统自带)Tests */ = {
			isa = PBXNativeTarget;
			buildConfigurationList = EED7D7561D20B60E00EC107A /* Build configuration list for PBXNativeTarget "OC_share(系统自带)Tests" */;
			buildPhases = (
				EED7D73B1D20B60E00EC107A /* Sources */,
				EED7D73C1D20B60E00EC107A /* Frameworks */,
				EED7D73D1D20B60E00EC107A /* Resources */,
			);
			buildRules = (
			);
			dependencies = (
				EED7D7411D20B60E00EC107A /* PBXTargetDependency */,
			);
			name = "OC_share(系统自带)Tests";
			productName = "OC_share(系统自带)Tests";
			productReference = EED7D73F1D20B60E00EC107A /* OC_share(系统自带)Tests.xctest */;
			productType = "com.apple.product-type.bundle.unit-test";
		};
		EED7D7491D20B60E00EC107A /* OC_share(系统自带)UITests */ = {
			isa = PBXNativeTarget;
			buildConfigurationList = EED7D7591D20B60E00EC107A /* Build configuration list for PBXNativeTarget "OC_share(系统自带)UITests" */;
			buildPhases = (
				EED7D7461D20B60E00EC107A /* Sources */,
				EED7D7471D20B60E00EC107A /* Frameworks */,
				EED7D7481D20B60E00EC107A /* Resources */,
			);
			buildRules = (
			);
			dependencies = (
				EED7D74C1D20B60E00EC107A /* PBXTargetDependency */,
			);
			name = "OC_share(系统自带)UITests";
			productName = "OC_share(系统自带)UITests";
			productReference = EED7D74A1D20B60E00EC107A /* OC_share(系统自带)UITests.xctest */;
			productType = "com.apple.product-type.bundle.ui-testing";
		};
/* End PBXNativeTarget section */

/* Begin PBXProject section */
		EED7D71B1D20B60E00EC107A /* Project object */ = {
			isa = PBXProject;
			attributes = {
				LastUpgradeCheck = 0720;
				ORGANIZATIONNAME = MAC;
				TargetAttributes = {
					EED7D7221D20B60E00EC107A = {
						CreatedOnToolsVersion = 7.2;
					};
					EED7D73E1D20B60E00EC107A = {
						CreatedOnToolsVersion = 7.2;
						TestTargetID = EED7D7221D20B60E00EC107A;
					};
					EED7D7491D20B60E00EC107A = {
						CreatedOnToolsVersion = 7.2;
						TestTargetID = EED7D7221D20B60E00EC107A;
					};
				};
			};
			buildConfigurationList = EED7D71E1D20B60E00EC107A /* Build configuration list for PBXProject "OC_share(系统自带)" */;
			compatibilityVersion = "Xcode 3.2";
			developmentRegion = English;
			hasScannedForEncodings = 0;
			knownRegions = (
				en,
				Base,
			);
			mainGroup = EED7D71A1D20B60E00EC107A;
			productRefGroup = EED7D7241D20B60E00EC107A /* Products */;
			projectDirPath = "";
			projectRoot = "";
			targets = (
				EED7D7221D20B60E00EC107A /* OC_share(系统自带) */,
				EED7D73E1D20B60E00EC107A /* OC_share(系统自带)Tests */,
				EED7D7491D20B60E00EC107A /* OC_share(系统自带)UITests */,
			);
		};
/* End PBXProject section */

/* Begin PBXResourcesBuildPhase section */
		EED7D7211D20B60E00EC107A /* Resources */ = {
			isa = PBXResourcesBuildPhase;
			buildActionMask = 2147483647;
			files = (
				EED7D7391D20B60E00EC107A /* LaunchScreen.storyboard in Resources */,
				EED7D7361D20B60E00EC107A /* Assets.xcassets in Resources */,
				EED7D7311D20B60E00EC107A /* Main.storyboard in Resources */,
			);
			runOnlyForDeploymentPostprocessing = 0;
		};
		EED7D73D1D20B60E00EC107A /* Resources */ = {
			isa = PBXResourcesBuildPhase;
			buildActionMask = 2147483647;
			files = (
			);
			runOnlyForDeploymentPostprocessing = 0;
		};
		EED7D7481D20B60E00EC107A /* Resources */ = {
			isa = PBXResourcesBuildPhase;
			buildActionMask = 2147483647;
			files = (
			);
			runOnlyForDeploymentPostprocessing = 0;
		};
/* End PBXResourcesBuildPhase section */

/* Begin PBXSourcesBuildPhase section */
		EED7D71F1D20B60E00EC107A /* Sources */ = {
			isa = PBXSourcesBuildPhase;
			buildActionMask = 2147483647;
			files = (
				EED7D72E1D20B60E00EC107A /* ViewController.m in Sources */,
				EED7D7341D20B60E00EC107A /* OC_share______.xcdatamodeld in Sources */,
				EED7D72B1D20B60E00EC107A /* AppDelegate.m in Sources */,
				EED7D7281D20B60E00EC107A /* main.m in Sources */,
			);
			runOnlyForDeploymentPostprocessing = 0;
		};
		EED7D73B1D20B60E00EC107A /* Sources */ = {
			isa = PBXSourcesBuildPhase;
			buildActionMask = 2147483647;
			files = (
				EED7D7441D20B60E00EC107A /* OC_share______Tests.m in Sources */,
			);
			runOnlyForDeploymentPostprocessing = 0;
		};
		EED7D7461D20B60E00EC107A /* Sources */ = {
			isa = PBXSourcesBuildPhase;
			buildActionMask = 2147483647;
			files = (
				EED7D74F1D20B60E00EC107A /* OC_share______UITests.m in Sources */,
			);
			runOnlyForDeploymentPostprocessing = 0;
		};
/* End PBXSourcesBuildPhase section */

/* Begin PBXTargetDependency section */
		EED7D7411D20B60E00EC107A /* PBXTargetDependency */ = {
			isa = PBXTargetDependency;
			target = EED7D7221D20B60E00EC107A /* OC_share(系统自带) */;
			targetProxy = EED7D7401D20B60E00EC107A /* PBXContainerItemProxy */;
		};
		EED7D74C1D20B60E00EC107A /* PBXTargetDependency */ = {
			isa = PBXTargetDependency;
			target = EED7D7221D20B60E00EC107A /* OC_share(系统自带) */;
			targetProxy = EED7D74B1D20B60E00EC107A /* PBXContainerItemProxy */;
		};
/* End PBXTargetDependency section */

/* Begin PBXVariantGroup section */
		EED7D72F1D20B60E00EC107A /* Main.storyboard */ = {
			isa = PBXVariantGroup;
			children = (
				EED7D7301D20B60E00EC107A /* Base */,
			);
			name = Main.storyboard;
			sourceTree = "<group>";
		};
		EED7D7371D20B60E00EC107A /* LaunchScreen.storyboard */ = {
			isa = PBXVariantGroup;
			children = (
				EED7D7381D20B60E00EC107A /* Base */,
			);
			name = LaunchScreen.storyboard;
			sourceTree = "<group>";
		};
/* End PBXVariantGroup section */

/* Begin XCBuildConfiguration section */
		EED7D7511D20B60E00EC107A /* Debug */ = {
			isa = XCBuildConfiguration;
			buildSettings = {
				ALWAYS_SEARCH_USER_PATHS = NO;
				CLANG_CXX_LANGUAGE_STANDARD = "gnu++0x";
				CLANG_CXX_LIBRARY = "libc++";
				CLANG_ENABLE_MODULES = YES;
				CLANG_ENABLE_OBJC_ARC = YES;
				CLANG_WARN_BOOL_CONVERSION = YES;
				CLANG_WARN_CONSTANT_CONVERSION = YES;
				CLANG_WARN_DIRECT_OBJC_ISA_USAGE = YES_ERROR;
				CLANG_WARN_EMPTY_BODY = YES;
				CLANG_WARN_ENUM_CONVERSION = YES;
				CLANG_WARN_INT_CONVERSION = YES;
				CLANG_WARN_OBJC_ROOT_CLASS = YES_ERROR;
				CLANG_WARN_UNREACHABLE_CODE = YES;
				CLANG_WARN__DUPLICATE_METHOD_MATCH = YES;
				"CODE_SIGN_IDENTITY[sdk=iphoneos*]" = "iPhone Developer";
				COPY_PHASE_STRIP = NO;
				DEBUG_INFORMATION_FORMAT = dwarf;
				ENABLE_STRICT_OBJC_MSGSEND = YES;
				ENABLE_TESTABILITY = YES;
				GCC_C_LANGUAGE_STANDARD = gnu99;
				GCC_DYNAMIC_NO_PIC = NO;
				GCC_NO_COMMON_BLOCKS = YES;
				GCC_OPTIMIZATION_LEVEL = 0;
				GCC_PREPROCESSOR_DEFINITIONS = (
					"DEBUG=1",
					"$(inherited)",
				);
				GCC_WARN_64_TO_32_BIT_CONVERSION = YES;
				GCC_WARN_ABOUT_RETURN_TYPE = YES_ERROR;
				GCC_WARN_UNDECLARED_SELECTOR = YES;
				GCC_WARN_UNINITIALIZED_AUTOS = YES_AGGRESSIVE;
				GCC_WARN_UNUSED_FUNCTION = YES;
				GCC_WARN_UNUSED_VARIABLE = YES;
				IPHONEOS_DEPLOYMENT_TARGET = 9.2;
				MTL_ENABLE_DEBUG_INFO = YES;
				ONLY_ACTIVE_ARCH = YES;
				SDKROOT = iphoneos;
			};
			name = Debug;
		};
		EED7D7521D20B60E00EC107A /* Release */ = {
			isa = XCBuildConfiguration;
			buildSettings = {
				ALWAYS_SEARCH_USER_PATHS = NO;
				CLANG_CXX_LANGUAGE_STANDARD = "gnu++0x";
				CLANG_CXX_LIBRARY = "libc++";
				CLANG_ENABLE_MODULES = YES;
				CLANG_ENABLE_OBJC_ARC = YES;
				CLANG_WARN_BOOL_CONVERSION = YES;
				CLANG_WARN_CONSTANT_CONVERSION = YES;
				CLANG_WARN_DIRECT_OBJC_ISA_USAGE = YES_ERROR;
				CLANG_WARN_EMPTY_BODY = YES;
				CLANG_WARN_ENUM_CONVERSION = YES;
				CLANG_WARN_INT_CONVERSION = YES;
				CLANG_WARN_OBJC_ROOT_CLASS = YES_ERROR;
				CLANG_WARN_UNREACHABLE_CODE = YES;
				CLANG_WARN__DUPLICATE_METHOD_MATCH = YES;
				"CODE_SIGN_IDENTITY[sdk=iphoneos*]" = "iPhone Developer";
				COPY_PHASE_STRIP = NO;
				DEBUG_INFORMATION_FORMAT = "dwarf-with-dsym";
				ENABLE_NS_ASSERTIONS = NO;
				ENABLE_STRICT_OBJC_MSGSEND = YES;
				GCC_C_LANGUAGE_STANDARD = gnu99;
				GCC_NO_COMMON_BLOCKS = YES;
				GCC_WARN_64_TO_32_BIT_CONVERSION = YES;
				GCC_WARN_ABOUT_RETURN_TYPE = YES_ERROR;
				GCC_WARN_UNDECLARED_SELECTOR = YES;
				GCC_WARN_UNINITIALIZED_AUTOS = YES_AGGRESSIVE;
				GCC_WARN_UNUSED_FUNCTION = YES;
				GCC_WARN_UNUSED_VARIABLE = YES;
				IPHONEOS_DEPLOYMENT_TARGET = 9.2;
				MTL_ENABLE_DEBUG_INFO = NO;
				SDKROOT = iphoneos;
				VALIDATE_PRODUCT = YES;
			};
			name = Release;
		};
		EED7D7541D20B60E00EC107A /* Debug */ = {
			isa = XCBuildConfiguration;
			buildSettings = {
				ASSETCATALOG_COMPILER_APPICON_NAME = AppIcon;
				INFOPLIST_FILE = "OC_share(系统自带)/Info.plist";
				LD_RUNPATH_SEARCH_PATHS = "$(inherited) @executable_path/Frameworks";
				PRODUCT_BUNDLE_IDENTIFIER = "ios.OC-share------";
				PRODUCT_NAME = "$(TARGET_NAME)";
			};
			name = Debug;
		};
		EED7D7551D20B60E00EC107A /* Release */ = {
			isa = XCBuildConfiguration;
			buildSettings = {
				ASSETCATALOG_COMPILER_APPICON_NAME = AppIcon;
				INFOPLIST_FILE = "OC_share(系统自带)/Info.plist";
				LD_RUNPATH_SEARCH_PATHS = "$(inherited) @executable_path/Frameworks";
				PRODUCT_BUNDLE_IDENTIFIER = "ios.OC-share------";
				PRODUCT_NAME = "$(TARGET_NAME)";
			};
			name = Release;
		};
		EED7D7571D20B60E00EC107A /* Debug */ = {
			isa = XCBuildConfiguration;
			buildSettings = {
				BUNDLE_LOADER = "$(TEST_HOST)";
				INFOPLIST_FILE = "OC_share(系统自带)Tests/Info.plist";
				LD_RUNPATH_SEARCH_PATHS = "$(inherited) @executable_path/Frameworks @loader_path/Frameworks";
				PRODUCT_BUNDLE_IDENTIFIER = "ios.OC-share------Tests";
				PRODUCT_NAME = "$(TARGET_NAME)";
				TEST_HOST = "$(BUILT_PRODUCTS_DIR)/OC_share(系统自带).app/OC_share(系统自带)";
			};
			name = Debug;
		};
		EED7D7581D20B60E00EC107A /* Release */ = {
			isa = XCBuildConfiguration;
			buildSettings = {
				BUNDLE_LOADER = "$(TEST_HOST)";
				INFOPLIST_FILE = "OC_share(系统自带)Tests/Info.plist";
				LD_RUNPATH_SEARCH_PATHS = "$(inherited) @executable_path/Frameworks @loader_path/Frameworks";
				PRODUCT_BUNDLE_IDENTIFIER = "ios.OC-share------Tests";
				PRODUCT_NAME = "$(TARGET_NAME)";
				TEST_HOST = "$(BUILT_PRODUCTS_DIR)/OC_share(系统自带).app/OC_share(系统自带)";
			};
			name = Release;
		};
		EED7D75A1D20B60E00EC107A /* Debug */ = {
			isa = XCBuildConfiguration;
			buildSettings = {
				INFOPLIST_FILE = "OC_share(系统自带)UITests/Info.plist";
				LD_RUNPATH_SEARCH_PATHS = "$(inherited) @executable_path/Frameworks @loader_path/Frameworks";
				PRODUCT_BUNDLE_IDENTIFIER = "ios.OC-share------UITests";
				PRODUCT_NAME = "$(TARGET_NAME)";
				TEST_TARGET_NAME = "OC_share(系统自带)";
				USES_XCTRUNNER = YES;
			};
			name = Debug;
		};
		EED7D75B1D20B60E00EC107A /* Release */ = {
			isa = XCBuildConfiguration;
			buildSettings = {
				INFOPLIST_FILE = "OC_share(系统自带)UITests/Info.plist";
				LD_RUNPATH_SEARCH_PATHS = "$(inherited) @executable_path/Frameworks @loader_path/Frameworks";
				PRODUCT_BUNDLE_IDENTIFIER = "ios.OC-share------UITests";
				PRODUCT_NAME = "$(TARGET_NAME)";
				TEST_TARGET_NAME = "OC_share(系统自带)";
				USES_XCTRUNNER = YES;
			};
			name = Release;
		};
/* End XCBuildConfiguration section */

/* Begin XCConfigurationList section */
		EED7D71E1D20B60E00EC107A /* Build configuration list for PBXProject "OC_share(系统自带)" */ = {
			isa = XCConfigurationList;
			buildConfigurations = (
				EED7D7511D20B60E00EC107A /* Debug */,
				EED7D7521D20B60E00EC107A /* Release */,
			);
			defaultConfigurationIsVisible = 0;
			defaultConfigurationName = Release;
		};
		EED7D7531D20B60E00EC107A /* Build configuration list for PBXNativeTarget "OC_share(系统自带)" */ = {
			isa = XCConfigurationList;
			buildConfigurations = (
				EED7D7541D20B60E00EC107A /* Debug */,
				EED7D7551D20B60E00EC107A /* Release */,
			);
			defaultConfigurationIsVisible = 0;
		};
		EED7D7561D20B60E00EC107A /* Build configuration list for PBXNativeTarget "OC_share(系统自带)Tests" */ = {
			isa = XCConfigurationList;
			buildConfigurations = (
				EED7D7571D20B60E00EC107A /* Debug */,
				EED7D7581D20B60E00EC107A /* Release */,
			);
			defaultConfigurationIsVisible = 0;
		};
		EED7D7591D20B60E00EC107A /* Build configuration list for PBXNativeTarget "OC_share(系统自带)UITests" */ = {
			isa = XCConfigurationList;
			buildConfigurations = (
				EED7D75A1D20B60E00EC107A /* Debug */,
				EED7D75B1D20B60E00EC107A /* Release */,
			);
			defaultConfigurationIsVisible = 0;
		};
/* End XCConfigurationList section */

/* Begin XCVersionGroup section */
		EED7D7321D20B60E00EC107A /* OC_share______.xcdatamodeld */ = {
			isa = XCVersionGroup;
			children = (
				EED7D7331D20B60E00EC107A /* OC_share______.xcdatamodel */,
			);
			currentVersion = EED7D7331D20B60E00EC107A /* OC_share______.xcdatamodel */;
			path = "OC_share______.xcdatamodeld";
			sourceTree = "<group>";
			versionGroupType = wrapper.xcdatamodel;
		};
/* End XCVersionGroup section */
	};
	rootObject = EED7D71B1D20B60E00EC107A /* Project object */;
}
